PODS:
  - AppCenter (5.12.0):
    - AppCenter/Analytics (= 5.12.0)
    - AppCenter/Crashes (= 5.12.0)
  - AppCenter/Analytics (5.12.0):
    - AppCenter/Core
  - AppCenter/Core (5.12.0)
  - AppCenter/Crashes (5.12.0):
    - AppCenter/Core
  - appcenter_analytics (0.0.1):
    - AppCenter
    - Flutter
  - audio_session (0.0.1):
    - Flutter
  - camera_avfoundation (0.0.1):
    - Flutter
  - connectivity_plus (0.0.1):
    - Flutter
  - device_info_plus (0.0.1):
    - Flutter
  - Flutter (1.0.0)
  - flutter_local_notifications (0.0.1):
    - Flutter
  - flutter_secure_storage_darwin (10.0.0):
    - Flutter
    - FlutterMacOS
  - Google-Maps-iOS-Utils (6.1.0):
    - GoogleMaps (~> 9.0)
  - google_maps_flutter_ios (0.0.1):
    - Flutter
    - Google-Maps-iOS-Utils (< 7.0, >= 5.0)
    - GoogleMaps (< 11.0, >= 8.4)
  - google_mlkit_barcode_scanning (0.14.2):
    - Flutter
    - google_mlkit_commons
    - GoogleMLKit/BarcodeScanning (~> 9.0.0)
  - google_mlkit_commons (0.11.1):
    - Flutter
    - MLKitVision (~> 10.0.0)
  - GoogleDataTransport (10.1.0):
    - nanopb (~> 3.30910.0)
    - PromisesObjC (~> 2.4)
  - GoogleMaps (9.4.0):
    - GoogleMaps/Maps (= 9.4.0)
  - GoogleMaps/Maps (9.4.0)
  - GoogleMLKit/BarcodeScanning (9.0.0):
    - GoogleMLKit/MLKitCore
    - MLKitBarcodeScanning (~> 8.0.0)
  - GoogleMLKit/MLKitCore (9.0.0):
    - MLKitCommon (~> 14.0.0)
  - GoogleToolboxForMac/Defines (4.2.1)
  - GoogleToolboxForMac/Logger (4.2.1):
    - GoogleToolboxForMac/Defines (= 4.2.1)
  - "GoogleToolboxForMac/NSData+zlib (4.2.1)":
    - GoogleToolboxForMac/Defines (= 4.2.1)
  - GoogleUtilities/Environment (8.1.0):
    - GoogleUtilities/Privacy
  - GoogleUtilities/Logger (8.1.0):
    - GoogleUtilities/Environment
    - GoogleUtilities/Privacy
  - GoogleUtilities/Privacy (8.1.0)
  - GoogleUtilities/UserDefaults (8.1.0):
    - GoogleUtilities/Logger
    - GoogleUtilities/Privacy
  - GTMSessionFetcher/Core (3.5.0)
  - just_audio (0.0.1):
    - Flutter
    - FlutterMacOS
  - local_auth_darwin (0.0.1):
    - Flutter
    - FlutterMacOS
  - location (0.0.1):
    - Flutter
  - map_launcher (0.0.1):
    - Flutter
  - MLImage (1.0.0-beta8)
  - MLKitBarcodeScanning (8.0.0):
    - MLKitCommon (~> 14.0)
    - MLKitVision (~> 10.0)
  - MLKitCommon (14.0.0):
    - GoogleDataTransport (~> 10.0)
    - GoogleToolboxForMac/Logger (< 5.0, >= 4.2.1)
    - "GoogleToolboxForMac/NSData+zlib (< 5.0, >= 4.2.1)"
    - GoogleUtilities/Logger (~> 8.0)
    - GoogleUtilities/UserDefaults (~> 8.0)
    - GTMSessionFetcher/Core (< 4.0, >= 3.3.2)
  - MLKitVision (10.0.0):
    - GoogleToolboxForMac/Logger (< 5.0, >= 4.2.1)
    - "GoogleToolboxForMac/NSData+zlib (< 5.0, >= 4.2.1)"
    - GTMSessionFetcher/Core (< 4.0, >= 3.3.2)
    - MLImage (= 1.0.0-beta8)
    - MLKitCommon (~> 14.0)
  - nanopb (3.30910.0):
    - nanopb/decode (= 3.30910.0)
    - nanopb/encode (= 3.30910.0)
  - nanopb/decode (3.30910.0)
  - nanopb/encode (3.30910.0)
  - open_filex (0.0.2):
    - Flutter
  - package_info_plus (0.4.5):
    - Flutter
  - path_provider_foundation (0.0.1):
    - Flutter
    - FlutterMacOS
  - PromisesObjC (2.4.0)
  - shared_preferences_foundation (0.0.1):
    - Flutter
    - FlutterMacOS
  - sqflite_darwin (0.0.4):
    - Flutter
    - FlutterMacOS
  - url_launcher_ios (0.0.1):
    - Flutter
  - video_player_avfoundation (0.0.1):
    - Flutter
    - FlutterMacOS
  - wakelock_plus (0.0.1):
    - Flutter
  - webview_flutter_wkwebview (0.0.1):
    - Flutter
    - FlutterMacOS

DEPENDENCIES:
  - appcenter_analytics (from `.symlinks/plugins/appcenter_analytics/ios`)
  - audio_session (from `.symlinks/plugins/audio_session/ios`)
  - camera_avfoundation (from `.symlinks/plugins/camera_avfoundation/ios`)
  - connectivity_plus (from `.symlinks/plugins/connectivity_plus/ios`)
  - device_info_plus (from `.symlinks/plugins/device_info_plus/ios`)
  - Flutter (from `Flutter`)
  - flutter_local_notifications (from `.symlinks/plugins/flutter_local_notifications/ios`)
  - flutter_secure_storage_darwin (from `.symlinks/plugins/flutter_secure_storage_darwin/darwin`)
  - google_maps_flutter_ios (from `.symlinks/plugins/google_maps_flutter_ios/ios`)
  - google_mlkit_barcode_scanning (from `.symlinks/plugins/google_mlkit_barcode_scanning/ios`)
  - google_mlkit_commons (from `.symlinks/plugins/google_mlkit_commons/ios`)
  - just_audio (from `.symlinks/plugins/just_audio/darwin`)
  - local_auth_darwin (from `.symlinks/plugins/local_auth_darwin/darwin`)
  - location (from `.symlinks/plugins/location/ios`)
  - map_launcher (from `.symlinks/plugins/map_launcher/ios`)
  - open_filex (from `.symlinks/plugins/open_filex/ios`)
  - package_info_plus (from `.symlinks/plugins/package_info_plus/ios`)
  - path_provider_foundation (from `.symlinks/plugins/path_provider_foundation/darwin`)
  - shared_preferences_foundation (from `.symlinks/plugins/shared_preferences_foundation/darwin`)
  - sqflite_darwin (from `.symlinks/plugins/sqflite_darwin/darwin`)
  - url_launcher_ios (from `.symlinks/plugins/url_launcher_ios/ios`)
  - video_player_avfoundation (from `.symlinks/plugins/video_player_avfoundation/darwin`)
  - wakelock_plus (from `.symlinks/plugins/wakelock_plus/ios`)
  - webview_flutter_wkwebview (from `.symlinks/plugins/webview_flutter_wkwebview/darwin`)

SPEC REPOS:
  trunk:
    - AppCenter
    - Google-Maps-iOS-Utils
    - GoogleDataTransport
    - GoogleMaps
    - GoogleMLKit
    - GoogleToolboxForMac
    - GoogleUtilities
    - GTMSessionFetcher
    - MLImage
    - MLKitBarcodeScanning
    - MLKitCommon
    - MLKitVision
    - nanopb
    - PromisesObjC

EXTERNAL SOURCES:
  appcenter_analytics:
    :path: ".symlinks/plugins/appcenter_analytics/ios"
  audio_session:
    :path: ".symlinks/plugins/audio_session/ios"
  camera_avfoundation:
    :path: ".symlinks/plugins/camera_avfoundation/ios"
  connectivity_plus:
    :path: ".symlinks/plugins/connectivity_plus/ios"
  device_info_plus:
    :path: ".symlinks/plugins/device_info_plus/ios"
  Flutter:
    :path: Flutter
  flutter_local_notifications:
    :path: ".symlinks/plugins/flutter_local_notifications/ios"
  flutter_secure_storage_darwin:
    :path: ".symlinks/plugins/flutter_secure_storage_darwin/darwin"
  google_maps_flutter_ios:
    :path: ".symlinks/plugins/google_maps_flutter_ios/ios"
  google_mlkit_barcode_scanning:
    :path: ".symlinks/plugins/google_mlkit_barcode_scanning/ios"
  google_mlkit_commons:
    :path: ".symlinks/plugins/google_mlkit_commons/ios"
  just_audio:
    :path: ".symlinks/plugins/just_audio/darwin"
  local_auth_darwin:
    :path: ".symlinks/plugins/local_auth_darwin/darwin"
  location:
    :path: ".symlinks/plugins/location/ios"
  map_launcher:
    :path: ".symlinks/plugins/map_launcher/ios"
  open_filex:
    :path: ".symlinks/plugins/open_filex/ios"
  package_info_plus:
    :path: ".symlinks/plugins/package_info_plus/ios"
  path_provider_foundation:
    :path: ".symlinks/plugins/path_provider_foundation/darwin"
  shared_preferences_foundation:
    :path: ".symlinks/plugins/shared_preferences_foundation/darwin"
  sqflite_darwin:
    :path: ".symlinks/plugins/sqflite_darwin/darwin"
  url_launcher_ios:
    :path: ".symlinks/plugins/url_launcher_ios/ios"
  video_player_avfoundation:
    :path: ".symlinks/plugins/video_player_avfoundation/darwin"
  wakelock_plus:
    :path: ".symlinks/plugins/wakelock_plus/ios"
  webview_flutter_wkwebview:
    :path: ".symlinks/plugins/webview_flutter_wkwebview/darwin"

SPEC CHECKSUMS:
  AppCenter: 38e27eb52113bff74426db9f500726933c8d2fd7
  appcenter_analytics: 259a1a74f3eff94f8a7c84d5ff73f82ecc7f0700
  audio_session: 9bb7f6c970f21241b19f5a3658097ae459681ba0
  camera_avfoundation: 5675ca25298b6f81fa0a325188e7df62cc217741
  connectivity_plus: cb623214f4e1f6ef8fe7403d580fdad517d2f7dd
  device_info_plus: 21fcca2080fbcd348be798aa36c3e5ed849eefbe
  Flutter: cabc95a1d2626b1b06e7179b784ebcf0c0cde467
  flutter_local_notifications: a5a732f069baa862e728d839dd2ebb904737effb
  flutter_secure_storage_darwin: acdb3f316ed05a3e68f856e0353b133eec373a23
  Google-Maps-iOS-Utils: 0a484b05ed21d88c9f9ebbacb007956edd508a96
  google_maps_flutter_ios: 0cf046caf50b00d95071f79e8031fcd5ef902beb
  google_mlkit_barcode_scanning: 12d8422d8f7b00726dedf9cac00188a2b98750c2
  google_mlkit_commons: a5e4ffae5bc59ea4c7b9025dc72cb6cb79dc1166
  GoogleDataTransport: aae35b7ea0c09004c3797d53c8c41f66f219d6a7
  GoogleMaps: 0608099d4870cac8754bdba9b6953db543432438
  GoogleMLKit: b1eee21a41c57704fe72483b15c85cb2c0cd7444
  GoogleToolboxForMac: d1a2cbf009c453f4d6ded37c105e2f67a32206d8
  GoogleUtilities: 00c88b9a86066ef77f0da2fab05f65d7768ed8e1
  GTMSessionFetcher: 5aea5ba6bd522a239e236100971f10cb71b96ab6
  just_audio: 4e391f57b79cad2b0674030a00453ca5ce817eed
  local_auth_darwin: c3ee6cce0a8d56be34c8ccb66ba31f7f180aaebb
  location: 155caecf9da4f280ab5fe4a55f94ceccfab838f8
  map_launcher: fe43bda6720bb73c12fcc1bdd86123ff49a4d4d6
  MLImage: 0de5c6c2bf9e93b80ef752e2797f0836f03b58c0
  MLKitBarcodeScanning: 39de223e7b1b8a8fbf10816a536dd292d8a39343
  MLKitCommon: 47d47b50a031d00db62f1b0efe5a1d8b09a3b2e6
  MLKitVision: 39a5a812db83c4a0794445088e567f3631c11961
  nanopb: fad817b59e0457d11a5dfbde799381cd727c1275
  open_filex: 432f3cd11432da3e39f47fcc0df2b1603854eff1
  package_info_plus: af8e2ca6888548050f16fa2f1938db7b5a5df499
  path_provider_foundation: bb55f6dbba17d0dccd6737fe6f7f34fbd0376880
  PromisesObjC: f5707f49cb48b9636751c5b2e7d227e43fba9f47
  shared_preferences_foundation: 7036424c3d8ec98dfe75ff1667cb0cd531ec82bb
  sqflite_darwin: 20b2a3a3b70e43edae938624ce550a3cbf66a3d0
  url_launcher_ios: 7a95fa5b60cc718a708b8f2966718e93db0cef1b
  video_player_avfoundation: dd410b52df6d2466a42d28550e33e4146928280a
  wakelock_plus: e29112ab3ef0b318e58cfa5c32326458be66b556
  webview_flutter_wkwebview: 8ebf4fded22593026f7dbff1fbff31ea98573c8d

PODFILE CHECKSUM: c81b66cf954684e553507da853b90a35772348f4

COCOAPODS: 1.16.2
